// !$*UTF8*$!
{
	archiveVersion = 1;
	classes = {
	};
	objectVersion = 46;
	objects = {

/* Begin PBXBuildFile section */
		0459AE971A2DF506007C8E61 /* libGPUImage.a in Frameworks */ = {isa = PBXBuildFile; fileRef = 0459AE921A2DF4D8007C8E61 /* libGPUImage.a */; };
		0491CA441A1B5798006C4A27 /* main.m in Sources */ = {isa = PBXBuildFile; fileRef = 0491CA431A1B5798006C4A27 /* main.m */; };
		0491CA471A1B5798006C4A27 /* AppDelegate.m in Sources */ = {isa = PBXBuildFile; fileRef = 0491CA461A1B5798006C4A27 /* AppDelegate.m */; };
		0491CA501A1B5798006C4A27 /* Main.storyboard in Resources */ = {isa = PBXBuildFile; fileRef = 0491CA4E1A1B5798006C4A27 /* Main.storyboard */; };
		0491CA521A1B5798006C4A27 /* Images.xcassets in Resources */ = {isa = PBXBuildFile; fileRef = 0491CA511A1B5798006C4A27 /* Images.xcassets */; };
		0491CA551A1B5798006C4A27 /* LaunchScreen.xib in Resources */ = {isa = PBXBuildFile; fileRef = 0491CA531A1B5798006C4A27 /* LaunchScreen.xib */; };
		0491CA611A1B5798006C4A27 /* OuiOuiTests.m in Sources */ = {isa = PBXBuildFile; fileRef = 0491CA601A1B5798006C4A27 /* OuiOuiTests.m */; };
		049F6DDC1A2F1158009768D9 /* ProfileSettingViewController.m in Sources */ = {isa = PBXBuildFile; fileRef = 049F6DDB1A2F1158009768D9 /* ProfileSettingViewController.m */; };
		04FEC9081A249D4B004E564D /* Tab.storyboard in Resources */ = {isa = PBXBuildFile; fileRef = 04FEC9071A249D4B004E564D /* Tab.storyboard */; };
		04FEC90F1A24A5C3004E564D /* Parse.framework in Frameworks */ = {isa = PBXBuildFile; fileRef = 04FEC90B1A24A5C3004E564D /* Parse.framework */; };
		04FEC9101A24A5C3004E564D /* ParseUI.framework in Frameworks */ = {isa = PBXBuildFile; fileRef = 04FEC90C1A24A5C3004E564D /* ParseUI.framework */; };
		04FEC9111A24A5C3004E564D /* Bolts.framework in Frameworks */ = {isa = PBXBuildFile; fileRef = 04FEC90D1A24A5C3004E564D /* Bolts.framework */; };
		04FEC9121A24A5C3004E564D /* ParseFacebookUtils.framework in Frameworks */ = {isa = PBXBuildFile; fileRef = 04FEC90E1A24A5C3004E564D /* ParseFacebookUtils.framework */; };
		04FEC9141A24A68A004E564D /* QuartzCore.framework in Frameworks */ = {isa = PBXBuildFile; fileRef = 04FEC9131A24A68A004E564D /* QuartzCore.framework */; };
		04FEC9161A24A691004E564D /* AVFoundation.framework in Frameworks */ = {isa = PBXBuildFile; fileRef = 04FEC9151A24A691004E564D /* AVFoundation.framework */; };
		04FEC9181A24A699004E564D /* OpenGLES.framework in Frameworks */ = {isa = PBXBuildFile; fileRef = 04FEC9171A24A699004E564D /* OpenGLES.framework */; };
		04FEC91A1A24A6A1004E564D /* CoreMedia.framework in Frameworks */ = {isa = PBXBuildFile; fileRef = 04FEC9191A24A6A1004E564D /* CoreMedia.framework */; };
		04FEC91C1A24A6AA004E564D /* CoreVideo.framework in Frameworks */ = {isa = PBXBuildFile; fileRef = 04FEC91B1A24A6AA004E564D /* CoreVideo.framework */; };
		04FEC91E1A24A6B1004E564D /* SystemConfiguration.framework in Frameworks */ = {isa = PBXBuildFile; fileRef = 04FEC91D1A24A6B1004E564D /* SystemConfiguration.framework */; };
		04FEC9221A24A6BF004E564D /* Security.framework in Frameworks */ = {isa = PBXBuildFile; fileRef = 04FEC9211A24A6BF004E564D /* Security.framework */; };
		04FEC9241A24A6CB004E564D /* MobileCoreServices.framework in Frameworks */ = {isa = PBXBuildFile; fileRef = 04FEC9231A24A6CB004E564D /* MobileCoreServices.framework */; };
		04FEC9261A24A6D2004E564D /* CoreLocation.framework in Frameworks */ = {isa = PBXBuildFile; fileRef = 04FEC9251A24A6D2004E564D /* CoreLocation.framework */; };
		04FEC9281A24A6DA004E564D /* CoreGraphics.framework in Frameworks */ = {isa = PBXBuildFile; fileRef = 04FEC9271A24A6DA004E564D /* CoreGraphics.framework */; };
		04FEC92A1A24A6E4004E564D /* CFNetwork.framework in Frameworks */ = {isa = PBXBuildFile; fileRef = 04FEC9291A24A6E4004E564D /* CFNetwork.framework */; };
		04FEC92C1A24A6EC004E564D /* AudioToolbox.framework in Frameworks */ = {isa = PBXBuildFile; fileRef = 04FEC92B1A24A6EC004E564D /* AudioToolbox.framework */; };
		04FEC92E1A24A6F3004E564D /* CoreData.framework in Frameworks */ = {isa = PBXBuildFile; fileRef = 04FEC92D1A24A6F3004E564D /* CoreData.framework */; };
		04FEC9301A24A6FA004E564D /* UIKit.framework in Frameworks */ = {isa = PBXBuildFile; fileRef = 04FEC92F1A24A6FA004E564D /* UIKit.framework */; };
		04FEC9321A24A701004E564D /* Foundation.framework in Frameworks */ = {isa = PBXBuildFile; fileRef = 04FEC9311A24A701004E564D /* Foundation.framework */; };
		04FEC9341A24A712004E564D /* libz.dylib in Frameworks */ = {isa = PBXBuildFile; fileRef = 04FEC9331A24A712004E564D /* libz.dylib */; };
		04FEC9381A24B395004E564D /* FacebookSDK.framework in Frameworks */ = {isa = PBXBuildFile; fileRef = 04FEC9371A24B395004E564D /* FacebookSDK.framework */; };
		04FEC93D1A25CA56004E564D /* ProfileViewController.m in Sources */ = {isa = PBXBuildFile; fileRef = 04FEC93C1A25CA56004E564D /* ProfileViewController.m */; };
		D92024F61A2DF04600280614 /* FollowFriendViewController.m in Sources */ = {isa = PBXBuildFile; fileRef = D92024F51A2DF04600280614 /* FollowFriendViewController.m */; };
		D92024FF1A2DFC3A00280614 /* SearchViewController.m in Sources */ = {isa = PBXBuildFile; fileRef = D92024FE1A2DFC3A00280614 /* SearchViewController.m */; };
		D92025031A2E34DE00280614 /* defaultProfileGrey.png in Resources */ = {isa = PBXBuildFile; fileRef = D92025021A2E34DE00280614 /* defaultProfileGrey.png */; };
		D958F5371A2EF3FD002572AA /* arrow-back.png in Resources */ = {isa = PBXBuildFile; fileRef = D958F5361A2EF3FD002572AA /* arrow-back.png */; };
		D958F53B1A2EF526002572AA /* settings-icon.png in Resources */ = {isa = PBXBuildFile; fileRef = D958F53A1A2EF526002572AA /* settings-icon.png */; };
		D9A69D881A2336E300540EF1 /* Fb-icon.png in Resources */ = {isa = PBXBuildFile; fileRef = D9A69D871A2336E300540EF1 /* Fb-icon.png */; };
		D9A69D8F1A237C8700540EF1 /* OuiOui-icon-29pt-2.png in Resources */ = {isa = PBXBuildFile; fileRef = D9A69D8D1A237C8700540EF1 /* OuiOui-icon-29pt-2.png */; };
		D9A69D901A237C8700540EF1 /* OuiOui-icon-40pt-2.png in Resources */ = {isa = PBXBuildFile; fileRef = D9A69D8E1A237C8700540EF1 /* OuiOui-icon-40pt-2.png */; };
		D9A69D921A237CBA00540EF1 /* OuiOui-icon-29pt-3.png in Resources */ = {isa = PBXBuildFile; fileRef = D9A69D911A237CBA00540EF1 /* OuiOui-icon-29pt-3.png */; };
		D9A69D941A237CFD00540EF1 /* OuiOui-icon-40pt-3.png in Resources */ = {isa = PBXBuildFile; fileRef = D9A69D931A237CFD00540EF1 /* OuiOui-icon-40pt-3.png */; };
		D9A69D961A237D7E00540EF1 /* OuiOui-icon-60pt-3.png in Resources */ = {isa = PBXBuildFile; fileRef = D9A69D951A237D7E00540EF1 /* OuiOui-icon-60pt-3.png */; };
		D9A69D981A237D8200540EF1 /* OuiOui-icon-60pt-2.png in Resources */ = {isa = PBXBuildFile; fileRef = D9A69D971A237D8200540EF1 /* OuiOui-icon-60pt-2.png */; };
		D9A81F0F1A2C8A920005DEDE /* AddFriendViewController.m in Sources */ = {isa = PBXBuildFile; fileRef = D9A81F0E1A2C8A920005DEDE /* AddFriendViewController.m */; };
		D9AAD8661A24B1D3007E794E /* OuiOui.png in Resources */ = {isa = PBXBuildFile; fileRef = D9AAD8651A24B1D3007E794E /* OuiOui.png */; };
		D9AAD8701A24BDF2007E794E /* TimelineViewController.m in Sources */ = {isa = PBXBuildFile; fileRef = D9AAD86F1A24BDF2007E794E /* TimelineViewController.m */; };
		D9AAD8761A24C773007E794E /* header.png in Resources */ = {isa = PBXBuildFile; fileRef = D9AAD8751A24C773007E794E /* header.png */; };
		D9AAD87F1A24CE39007E794E /* OuiItemViewController.m in Sources */ = {isa = PBXBuildFile; fileRef = D9AAD87E1A24CE39007E794E /* OuiItemViewController.m */; };
		D9AAD8811A24E3EB007E794E /* background-new-Oui-item.png in Resources */ = {isa = PBXBuildFile; fileRef = D9AAD8801A24E3EB007E794E /* background-new-Oui-item.png */; };
		D9EF99691A1E749B00BB3F19 /* RegisterViewController.m in Sources */ = {isa = PBXBuildFile; fileRef = D9EF99681A1E749B00BB3F19 /* RegisterViewController.m */; };
		D9EF996C1A1E74A900BB3F19 /* LoginViewController.m in Sources */ = {isa = PBXBuildFile; fileRef = D9EF996B1A1E74A900BB3F19 /* LoginViewController.m */; };
		D9F1B2B01A1E1EB80042770E /* background.png in Resources */ = {isa = PBXBuildFile; fileRef = D9F1B2AF1A1E1EB80042770E /* background.png */; };
		D9F1B2B21A1E28960042770E /* logo-OuiOui.png in Resources */ = {isa = PBXBuildFile; fileRef = D9F1B2B11A1E28960042770E /* logo-OuiOui.png */; };
		D9F1B2B81A1E2AD80042770E /* StartViewController.m in Sources */ = {isa = PBXBuildFile; fileRef = D9F1B2B71A1E2AD80042770E /* StartViewController.m */; };
/* End PBXBuildFile section */

/* Begin PBXContainerItemProxy section */
		0459AE911A2DF4D8007C8E61 /* PBXContainerItemProxy */ = {
			isa = PBXContainerItemProxy;
			containerPortal = 0459AE8B1A2DF4D8007C8E61 /* GPUImage.xcodeproj */;
			proxyType = 2;
			remoteGlobalIDString = BCF1A33414DDB1EC00852800;
			remoteInfo = GPUImage;
		};
		0459AE931A2DF4D8007C8E61 /* PBXContainerItemProxy */ = {
			isa = PBXContainerItemProxy;
			containerPortal = 0459AE8B1A2DF4D8007C8E61 /* GPUImage.xcodeproj */;
			proxyType = 2;
			remoteGlobalIDString = BCE209E51943F20C002FEED8;
			remoteInfo = GPUImageFramework;
		};
		0459AE951A2DF4F6007C8E61 /* PBXContainerItemProxy */ = {
			isa = PBXContainerItemProxy;
			containerPortal = 0459AE8B1A2DF4D8007C8E61 /* GPUImage.xcodeproj */;
			proxyType = 1;
			remoteGlobalIDString = BCF1A33314DDB1EC00852800;
			remoteInfo = GPUImage;
		};
		0491CA5B1A1B5798006C4A27 /* PBXContainerItemProxy */ = {
			isa = PBXContainerItemProxy;
			containerPortal = 0491CA361A1B5798006C4A27 /* Project object */;
			proxyType = 1;
			remoteGlobalIDString = 0491CA3D1A1B5798006C4A27;
			remoteInfo = OuiOui;
		};
/* End PBXContainerItemProxy section */

/* Begin PBXFileReference section */
		0459AE8B1A2DF4D8007C8E61 /* GPUImage.xcodeproj */ = {isa = PBXFileReference; lastKnownFileType = "wrapper.pb-project"; name = GPUImage.xcodeproj; path = Submodules/GPUImage/framework/GPUImage.xcodeproj; sourceTree = "<group>"; };
		0491CA3E1A1B5798006C4A27 /* OuiOui.app */ = {isa = PBXFileReference; explicitFileType = wrapper.application; includeInIndex = 0; path = OuiOui.app; sourceTree = BUILT_PRODUCTS_DIR; };
		0491CA421A1B5798006C4A27 /* Info.plist */ = {isa = PBXFileReference; lastKnownFileType = text.plist.xml; path = Info.plist; sourceTree = "<group>"; };
		0491CA431A1B5798006C4A27 /* main.m */ = {isa = PBXFileReference; lastKnownFileType = sourcecode.c.objc; path = main.m; sourceTree = "<group>"; };
		0491CA451A1B5798006C4A27 /* AppDelegate.h */ = {isa = PBXFileReference; lastKnownFileType = sourcecode.c.h; path = AppDelegate.h; sourceTree = "<group>"; };
		0491CA461A1B5798006C4A27 /* AppDelegate.m */ = {isa = PBXFileReference; lastKnownFileType = sourcecode.c.objc; path = AppDelegate.m; sourceTree = "<group>"; };
		0491CA4F1A1B5798006C4A27 /* Base */ = {isa = PBXFileReference; lastKnownFileType = file.storyboard; name = Base; path = Base.lproj/Main.storyboard; sourceTree = "<group>"; };
		0491CA511A1B5798006C4A27 /* Images.xcassets */ = {isa = PBXFileReference; lastKnownFileType = folder.assetcatalog; path = Images.xcassets; sourceTree = "<group>"; };
		0491CA541A1B5798006C4A27 /* Base */ = {isa = PBXFileReference; lastKnownFileType = file.xib; name = Base; path = Base.lproj/LaunchScreen.xib; sourceTree = "<group>"; };
		0491CA5A1A1B5798006C4A27 /* OuiOuiTests.xctest */ = {isa = PBXFileReference; explicitFileType = wrapper.cfbundle; includeInIndex = 0; path = OuiOuiTests.xctest; sourceTree = BUILT_PRODUCTS_DIR; };
		0491CA5F1A1B5798006C4A27 /* Info.plist */ = {isa = PBXFileReference; lastKnownFileType = text.plist.xml; path = Info.plist; sourceTree = "<group>"; };
		0491CA601A1B5798006C4A27 /* OuiOuiTests.m */ = {isa = PBXFileReference; lastKnownFileType = sourcecode.c.objc; path = OuiOuiTests.m; sourceTree = "<group>"; };
		049F6DDA1A2F1158009768D9 /* ProfileSettingViewController.h */ = {isa = PBXFileReference; fileEncoding = 4; lastKnownFileType = sourcecode.c.h; path = ProfileSettingViewController.h; sourceTree = "<group>"; };
		049F6DDB1A2F1158009768D9 /* ProfileSettingViewController.m */ = {isa = PBXFileReference; fileEncoding = 4; lastKnownFileType = sourcecode.c.objc; path = ProfileSettingViewController.m; sourceTree = "<group>"; };
		04FEC9071A249D4B004E564D /* Tab.storyboard */ = {isa = PBXFileReference; fileEncoding = 4; lastKnownFileType = file.storyboard; path = Tab.storyboard; sourceTree = "<group>"; };
		04FEC90B1A24A5C3004E564D /* Parse.framework */ = {isa = PBXFileReference; lastKnownFileType = wrapper.framework; path = Parse.framework; sourceTree = "<group>"; };
		04FEC90C1A24A5C3004E564D /* ParseUI.framework */ = {isa = PBXFileReference; lastKnownFileType = wrapper.framework; path = ParseUI.framework; sourceTree = "<group>"; };
		04FEC90D1A24A5C3004E564D /* Bolts.framework */ = {isa = PBXFileReference; lastKnownFileType = wrapper.framework; path = Bolts.framework; sourceTree = "<group>"; };
		04FEC90E1A24A5C3004E564D /* ParseFacebookUtils.framework */ = {isa = PBXFileReference; lastKnownFileType = wrapper.framework; path = ParseFacebookUtils.framework; sourceTree = "<group>"; };
		04FEC9131A24A68A004E564D /* QuartzCore.framework */ = {isa = PBXFileReference; lastKnownFileType = wrapper.framework; name = QuartzCore.framework; path = System/Library/Frameworks/QuartzCore.framework; sourceTree = SDKROOT; };
		04FEC9151A24A691004E564D /* AVFoundation.framework */ = {isa = PBXFileReference; lastKnownFileType = wrapper.framework; name = AVFoundation.framework; path = System/Library/Frameworks/AVFoundation.framework; sourceTree = SDKROOT; };
		04FEC9171A24A699004E564D /* OpenGLES.framework */ = {isa = PBXFileReference; lastKnownFileType = wrapper.framework; name = OpenGLES.framework; path = System/Library/Frameworks/OpenGLES.framework; sourceTree = SDKROOT; };
		04FEC9191A24A6A1004E564D /* CoreMedia.framework */ = {isa = PBXFileReference; lastKnownFileType = wrapper.framework; name = CoreMedia.framework; path = System/Library/Frameworks/CoreMedia.framework; sourceTree = SDKROOT; };
		04FEC91B1A24A6AA004E564D /* CoreVideo.framework */ = {isa = PBXFileReference; lastKnownFileType = wrapper.framework; name = CoreVideo.framework; path = System/Library/Frameworks/CoreVideo.framework; sourceTree = SDKROOT; };
		04FEC91D1A24A6B1004E564D /* SystemConfiguration.framework */ = {isa = PBXFileReference; lastKnownFileType = wrapper.framework; name = SystemConfiguration.framework; path = System/Library/Frameworks/SystemConfiguration.framework; sourceTree = SDKROOT; };
		04FEC9211A24A6BF004E564D /* Security.framework */ = {isa = PBXFileReference; lastKnownFileType = wrapper.framework; name = Security.framework; path = System/Library/Frameworks/Security.framework; sourceTree = SDKROOT; };
		04FEC9231A24A6CB004E564D /* MobileCoreServices.framework */ = {isa = PBXFileReference; lastKnownFileType = wrapper.framework; name = MobileCoreServices.framework; path = System/Library/Frameworks/MobileCoreServices.framework; sourceTree = SDKROOT; };
		04FEC9251A24A6D2004E564D /* CoreLocation.framework */ = {isa = PBXFileReference; lastKnownFileType = wrapper.framework; name = CoreLocation.framework; path = System/Library/Frameworks/CoreLocation.framework; sourceTree = SDKROOT; };
		04FEC9271A24A6DA004E564D /* CoreGraphics.framework */ = {isa = PBXFileReference; lastKnownFileType = wrapper.framework; name = CoreGraphics.framework; path = System/Library/Frameworks/CoreGraphics.framework; sourceTree = SDKROOT; };
		04FEC9291A24A6E4004E564D /* CFNetwork.framework */ = {isa = PBXFileReference; lastKnownFileType = wrapper.framework; name = CFNetwork.framework; path = System/Library/Frameworks/CFNetwork.framework; sourceTree = SDKROOT; };
		04FEC92B1A24A6EC004E564D /* AudioToolbox.framework */ = {isa = PBXFileReference; lastKnownFileType = wrapper.framework; name = AudioToolbox.framework; path = System/Library/Frameworks/AudioToolbox.framework; sourceTree = SDKROOT; };
		04FEC92D1A24A6F3004E564D /* CoreData.framework */ = {isa = PBXFileReference; lastKnownFileType = wrapper.framework; name = CoreData.framework; path = System/Library/Frameworks/CoreData.framework; sourceTree = SDKROOT; };
		04FEC92F1A24A6FA004E564D /* UIKit.framework */ = {isa = PBXFileReference; lastKnownFileType = wrapper.framework; name = UIKit.framework; path = System/Library/Frameworks/UIKit.framework; sourceTree = SDKROOT; };
		04FEC9311A24A701004E564D /* Foundation.framework */ = {isa = PBXFileReference; lastKnownFileType = wrapper.framework; name = Foundation.framework; path = System/Library/Frameworks/Foundation.framework; sourceTree = SDKROOT; };
		04FEC9331A24A712004E564D /* libz.dylib */ = {isa = PBXFileReference; lastKnownFileType = "compiled.mach-o.dylib"; name = libz.dylib; path = usr/lib/libz.dylib; sourceTree = SDKROOT; };
		04FEC9371A24B395004E564D /* FacebookSDK.framework */ = {isa = PBXFileReference; lastKnownFileType = wrapper.framework; name = FacebookSDK.framework; path = ../../Documents/FacebookSDK/FacebookSDK.framework; sourceTree = "<group>"; };
		04FEC93B1A25CA56004E564D /* ProfileViewController.h */ = {isa = PBXFileReference; fileEncoding = 4; lastKnownFileType = sourcecode.c.h; path = ProfileViewController.h; sourceTree = "<group>"; };
		04FEC93C1A25CA56004E564D /* ProfileViewController.m */ = {isa = PBXFileReference; fileEncoding = 4; lastKnownFileType = sourcecode.c.objc; path = ProfileViewController.m; sourceTree = "<group>"; };
		D92024F41A2DF04600280614 /* FollowFriendViewController.h */ = {isa = PBXFileReference; fileEncoding = 4; lastKnownFileType = sourcecode.c.h; path = FollowFriendViewController.h; sourceTree = "<group>"; };
		D92024F51A2DF04600280614 /* FollowFriendViewController.m */ = {isa = PBXFileReference; fileEncoding = 4; lastKnownFileType = sourcecode.c.objc; path = FollowFriendViewController.m; sourceTree = "<group>"; };
		D92024FD1A2DFC3A00280614 /* SearchViewController.h */ = {isa = PBXFileReference; fileEncoding = 4; lastKnownFileType = sourcecode.c.h; path = SearchViewController.h; sourceTree = "<group>"; };
		D92024FE1A2DFC3A00280614 /* SearchViewController.m */ = {isa = PBXFileReference; fileEncoding = 4; lastKnownFileType = sourcecode.c.objc; path = SearchViewController.m; sourceTree = "<group>"; };
		D92025021A2E34DE00280614 /* defaultProfileGrey.png */ = {isa = PBXFileReference; lastKnownFileType = image.png; path = defaultProfileGrey.png; sourceTree = "<group>"; };
		D958F5361A2EF3FD002572AA /* arrow-back.png */ = {isa = PBXFileReference; lastKnownFileType = image.png; path = "arrow-back.png"; sourceTree = "<group>"; };
		D958F53A1A2EF526002572AA /* settings-icon.png */ = {isa = PBXFileReference; lastKnownFileType = image.png; path = "settings-icon.png"; sourceTree = "<group>"; };
		D9A69D871A2336E300540EF1 /* Fb-icon.png */ = {isa = PBXFileReference; lastKnownFileType = image.png; path = "Fb-icon.png"; sourceTree = "<group>"; };
		D9A69D8D1A237C8700540EF1 /* OuiOui-icon-29pt-2.png */ = {isa = PBXFileReference; lastKnownFileType = image.png; path = "OuiOui-icon-29pt-2.png"; sourceTree = "<group>"; };
		D9A69D8E1A237C8700540EF1 /* OuiOui-icon-40pt-2.png */ = {isa = PBXFileReference; lastKnownFileType = image.png; path = "OuiOui-icon-40pt-2.png"; sourceTree = "<group>"; };
		D9A69D911A237CBA00540EF1 /* OuiOui-icon-29pt-3.png */ = {isa = PBXFileReference; lastKnownFileType = image.png; path = "OuiOui-icon-29pt-3.png"; sourceTree = "<group>"; };
		D9A69D931A237CFD00540EF1 /* OuiOui-icon-40pt-3.png */ = {isa = PBXFileReference; lastKnownFileType = image.png; path = "OuiOui-icon-40pt-3.png"; sourceTree = "<group>"; };
		D9A69D951A237D7E00540EF1 /* OuiOui-icon-60pt-3.png */ = {isa = PBXFileReference; lastKnownFileType = image.png; path = "OuiOui-icon-60pt-3.png"; sourceTree = "<group>"; };
		D9A69D971A237D8200540EF1 /* OuiOui-icon-60pt-2.png */ = {isa = PBXFileReference; lastKnownFileType = image.png; path = "OuiOui-icon-60pt-2.png"; sourceTree = "<group>"; };
		D9A81F0D1A2C8A920005DEDE /* AddFriendViewController.h */ = {isa = PBXFileReference; fileEncoding = 4; lastKnownFileType = sourcecode.c.h; path = AddFriendViewController.h; sourceTree = "<group>"; };
		D9A81F0E1A2C8A920005DEDE /* AddFriendViewController.m */ = {isa = PBXFileReference; fileEncoding = 4; lastKnownFileType = sourcecode.c.objc; path = AddFriendViewController.m; sourceTree = "<group>"; };
		D9AAD8651A24B1D3007E794E /* OuiOui.png */ = {isa = PBXFileReference; lastKnownFileType = image.png; path = OuiOui.png; sourceTree = "<group>"; };
		D9AAD86E1A24BDF2007E794E /* TimelineViewController.h */ = {isa = PBXFileReference; fileEncoding = 4; lastKnownFileType = sourcecode.c.h; path = TimelineViewController.h; sourceTree = "<group>"; };
		D9AAD86F1A24BDF2007E794E /* TimelineViewController.m */ = {isa = PBXFileReference; fileEncoding = 4; lastKnownFileType = sourcecode.c.objc; path = TimelineViewController.m; sourceTree = "<group>"; };
		D9AAD8751A24C773007E794E /* header.png */ = {isa = PBXFileReference; lastKnownFileType = image.png; path = header.png; sourceTree = "<group>"; };
		D9AAD87D1A24CE39007E794E /* OuiItemViewController.h */ = {isa = PBXFileReference; fileEncoding = 4; lastKnownFileType = sourcecode.c.h; path = OuiItemViewController.h; sourceTree = "<group>"; };
		D9AAD87E1A24CE39007E794E /* OuiItemViewController.m */ = {isa = PBXFileReference; fileEncoding = 4; lastKnownFileType = sourcecode.c.objc; path = OuiItemViewController.m; sourceTree = "<group>"; };
		D9AAD8801A24E3EB007E794E /* background-new-Oui-item.png */ = {isa = PBXFileReference; lastKnownFileType = image.png; path = "background-new-Oui-item.png"; sourceTree = "<group>"; };
		D9EF99671A1E749B00BB3F19 /* RegisterViewController.h */ = {isa = PBXFileReference; fileEncoding = 4; lastKnownFileType = sourcecode.c.h; path = RegisterViewController.h; sourceTree = "<group>"; };
		D9EF99681A1E749B00BB3F19 /* RegisterViewController.m */ = {isa = PBXFileReference; fileEncoding = 4; lastKnownFileType = sourcecode.c.objc; path = RegisterViewController.m; sourceTree = "<group>"; };
		D9EF996A1A1E74A900BB3F19 /* LoginViewController.h */ = {isa = PBXFileReference; fileEncoding = 4; lastKnownFileType = sourcecode.c.h; path = LoginViewController.h; sourceTree = "<group>"; };
		D9EF996B1A1E74A900BB3F19 /* LoginViewController.m */ = {isa = PBXFileReference; fileEncoding = 4; lastKnownFileType = sourcecode.c.objc; path = LoginViewController.m; sourceTree = "<group>"; };
		D9F1B2AF1A1E1EB80042770E /* background.png */ = {isa = PBXFileReference; lastKnownFileType = image.png; path = background.png; sourceTree = "<group>"; };
		D9F1B2B11A1E28960042770E /* logo-OuiOui.png */ = {isa = PBXFileReference; lastKnownFileType = image.png; path = "logo-OuiOui.png"; sourceTree = "<group>"; };
		D9F1B2B61A1E2AD80042770E /* StartViewController.h */ = {isa = PBXFileReference; fileEncoding = 4; lastKnownFileType = sourcecode.c.h; path = StartViewController.h; sourceTree = "<group>"; };
		D9F1B2B71A1E2AD80042770E /* StartViewController.m */ = {isa = PBXFileReference; fileEncoding = 4; lastKnownFileType = sourcecode.c.objc; path = StartViewController.m; sourceTree = "<group>"; };
/* End PBXFileReference section */

/* Begin PBXFrameworksBuildPhase section */
		0491CA3B1A1B5798006C4A27 /* Frameworks */ = {
			isa = PBXFrameworksBuildPhase;
			buildActionMask = 2147483647;
			files = (
				0459AE971A2DF506007C8E61 /* libGPUImage.a in Frameworks */,
				04FEC9341A24A712004E564D /* libz.dylib in Frameworks */,
				04FEC9321A24A701004E564D /* Foundation.framework in Frameworks */,
				04FEC9301A24A6FA004E564D /* UIKit.framework in Frameworks */,
				04FEC92E1A24A6F3004E564D /* CoreData.framework in Frameworks */,
				04FEC92C1A24A6EC004E564D /* AudioToolbox.framework in Frameworks */,
				04FEC92A1A24A6E4004E564D /* CFNetwork.framework in Frameworks */,
				04FEC9281A24A6DA004E564D /* CoreGraphics.framework in Frameworks */,
				04FEC9261A24A6D2004E564D /* CoreLocation.framework in Frameworks */,
				04FEC9241A24A6CB004E564D /* MobileCoreServices.framework in Frameworks */,
				04FEC9221A24A6BF004E564D /* Security.framework in Frameworks */,
				04FEC91E1A24A6B1004E564D /* SystemConfiguration.framework in Frameworks */,
				04FEC91C1A24A6AA004E564D /* CoreVideo.framework in Frameworks */,
				04FEC91A1A24A6A1004E564D /* CoreMedia.framework in Frameworks */,
				04FEC9181A24A699004E564D /* OpenGLES.framework in Frameworks */,
				04FEC9161A24A691004E564D /* AVFoundation.framework in Frameworks */,
				04FEC9141A24A68A004E564D /* QuartzCore.framework in Frameworks */,
				04FEC9111A24A5C3004E564D /* Bolts.framework in Frameworks */,
				04FEC9121A24A5C3004E564D /* ParseFacebookUtils.framework in Frameworks */,
				04FEC9101A24A5C3004E564D /* ParseUI.framework in Frameworks */,
				04FEC9381A24B395004E564D /* FacebookSDK.framework in Frameworks */,
				04FEC90F1A24A5C3004E564D /* Parse.framework in Frameworks */,
			);
			runOnlyForDeploymentPostprocessing = 0;
		};
		0491CA571A1B5798006C4A27 /* Frameworks */ = {
			isa = PBXFrameworksBuildPhase;
			buildActionMask = 2147483647;
			files = (
			);
			runOnlyForDeploymentPostprocessing = 0;
		};
/* End PBXFrameworksBuildPhase section */

/* Begin PBXGroup section */
		0459AE411A2DD630007C8E61 /* Controllers */ = {
			isa = PBXGroup;
			children = (
				D92024F01A2DE70E00280614 /* Friends */,
				0491CA451A1B5798006C4A27 /* AppDelegate.h */,
				0491CA461A1B5798006C4A27 /* AppDelegate.m */,
				0459AE431A2DD655007C8E61 /* Profile */,
				0459AE441A2DD65A007C8E61 /* Timeline */,
				0459AE421A2DD64E007C8E61 /* Start */,
			);
			name = Controllers;
			sourceTree = "<group>";
		};
		0459AE421A2DD64E007C8E61 /* Start */ = {
			isa = PBXGroup;
			children = (
				D9F1B2B61A1E2AD80042770E /* StartViewController.h */,
				D9F1B2B71A1E2AD80042770E /* StartViewController.m */,
				D9EF99671A1E749B00BB3F19 /* RegisterViewController.h */,
				D9EF99681A1E749B00BB3F19 /* RegisterViewController.m */,
				D9EF996A1A1E74A900BB3F19 /* LoginViewController.h */,
				D9EF996B1A1E74A900BB3F19 /* LoginViewController.m */,
			);
			name = Start;
			sourceTree = "<group>";
		};
		0459AE431A2DD655007C8E61 /* Profile */ = {
			isa = PBXGroup;
			children = (
				04FEC93B1A25CA56004E564D /* ProfileViewController.h */,
				04FEC93C1A25CA56004E564D /* ProfileViewController.m */,
				049F6DDA1A2F1158009768D9 /* ProfileSettingViewController.h */,
				049F6DDB1A2F1158009768D9 /* ProfileSettingViewController.m */,
			);
			name = Profile;
			sourceTree = "<group>";
		};
		0459AE441A2DD65A007C8E61 /* Timeline */ = {
			isa = PBXGroup;
			children = (
				D9AAD86E1A24BDF2007E794E /* TimelineViewController.h */,
				D9AAD86F1A24BDF2007E794E /* TimelineViewController.m */,
				D9AAD87D1A24CE39007E794E /* OuiItemViewController.h */,
				D9AAD87E1A24CE39007E794E /* OuiItemViewController.m */,
				D9A81F0D1A2C8A920005DEDE /* AddFriendViewController.h */,
				D9A81F0E1A2C8A920005DEDE /* AddFriendViewController.m */,
			);
			name = Timeline;
			sourceTree = "<group>";
		};
		0459AE8C1A2DF4D8007C8E61 /* Products */ = {
			isa = PBXGroup;
			children = (
				0459AE921A2DF4D8007C8E61 /* libGPUImage.a */,
				0459AE941A2DF4D8007C8E61 /* GPUImage.framework */,
			);
			name = Products;
			sourceTree = "<group>";
		};
		0491CA351A1B5798006C4A27 = {
			isa = PBXGroup;
			children = (
				0491CA401A1B5798006C4A27 /* OuiOui */,
				0491CA5D1A1B5798006C4A27 /* OuiOuiTests */,
				0491CA3F1A1B5798006C4A27 /* Products */,
				04FEC90A1A24A5A1004E564D /* Frameworks */,
			);
			sourceTree = "<group>";
		};
		0491CA3F1A1B5798006C4A27 /* Products */ = {
			isa = PBXGroup;
			children = (
				0491CA3E1A1B5798006C4A27 /* OuiOui.app */,
				0491CA5A1A1B5798006C4A27 /* OuiOuiTests.xctest */,
			);
			name = Products;
			sourceTree = "<group>";
		};
		0491CA401A1B5798006C4A27 /* OuiOui */ = {
			isa = PBXGroup;
			children = (
				04FEC9051A249ADA004E564D /* Storyboard */,
				0459AE411A2DD630007C8E61 /* Controllers */,
				0491CA511A1B5798006C4A27 /* Images.xcassets */,
				0491CA411A1B5798006C4A27 /* Supporting Files */,
			);
			path = OuiOui;
			sourceTree = "<group>";
		};
		0491CA411A1B5798006C4A27 /* Supporting Files */ = {
			isa = PBXGroup;
			children = (
				0491CA531A1B5798006C4A27 /* LaunchScreen.xib */,
				D9F1B2AC1A1E1C650042770E /* images */,
				0491CA421A1B5798006C4A27 /* Info.plist */,
				0491CA431A1B5798006C4A27 /* main.m */,
			);
			name = "Supporting Files";
			sourceTree = "<group>";
		};
		0491CA5D1A1B5798006C4A27 /* OuiOuiTests */ = {
			isa = PBXGroup;
			children = (
				0491CA601A1B5798006C4A27 /* OuiOuiTests.m */,
				0491CA5E1A1B5798006C4A27 /* Supporting Files */,
			);
			path = OuiOuiTests;
			sourceTree = "<group>";
		};
		0491CA5E1A1B5798006C4A27 /* Supporting Files */ = {
			isa = PBXGroup;
			children = (
				0491CA5F1A1B5798006C4A27 /* Info.plist */,
			);
			name = "Supporting Files";
			sourceTree = "<group>";
		};
		04FEC9051A249ADA004E564D /* Storyboard */ = {
			isa = PBXGroup;
			children = (
				0491CA4E1A1B5798006C4A27 /* Main.storyboard */,
				04FEC9071A249D4B004E564D /* Tab.storyboard */,
			);
			name = Storyboard;
			sourceTree = "<group>";
		};
		04FEC90A1A24A5A1004E564D /* Frameworks */ = {
			isa = PBXGroup;
			children = (
				0459AE8B1A2DF4D8007C8E61 /* GPUImage.xcodeproj */,
				04FEC9371A24B395004E564D /* FacebookSDK.framework */,
				04FEC9331A24A712004E564D /* libz.dylib */,
				04FEC9311A24A701004E564D /* Foundation.framework */,
				04FEC92F1A24A6FA004E564D /* UIKit.framework */,
				04FEC92D1A24A6F3004E564D /* CoreData.framework */,
				04FEC92B1A24A6EC004E564D /* AudioToolbox.framework */,
				04FEC9291A24A6E4004E564D /* CFNetwork.framework */,
				04FEC9271A24A6DA004E564D /* CoreGraphics.framework */,
				04FEC9251A24A6D2004E564D /* CoreLocation.framework */,
				04FEC9231A24A6CB004E564D /* MobileCoreServices.framework */,
				04FEC9211A24A6BF004E564D /* Security.framework */,
				04FEC91D1A24A6B1004E564D /* SystemConfiguration.framework */,
				04FEC91B1A24A6AA004E564D /* CoreVideo.framework */,
				04FEC9191A24A6A1004E564D /* CoreMedia.framework */,
				04FEC9171A24A699004E564D /* OpenGLES.framework */,
				04FEC9151A24A691004E564D /* AVFoundation.framework */,
				04FEC9131A24A68A004E564D /* QuartzCore.framework */,
				04FEC90B1A24A5C3004E564D /* Parse.framework */,
				04FEC90C1A24A5C3004E564D /* ParseUI.framework */,
				04FEC90D1A24A5C3004E564D /* Bolts.framework */,
				04FEC90E1A24A5C3004E564D /* ParseFacebookUtils.framework */,
			);
			name = Frameworks;
			sourceTree = "<group>";
		};
		D92024F01A2DE70E00280614 /* Friends */ = {
			isa = PBXGroup;
			children = (
				D92024FD1A2DFC3A00280614 /* SearchViewController.h */,
				D92024FE1A2DFC3A00280614 /* SearchViewController.m */,
				D92024F41A2DF04600280614 /* FollowFriendViewController.h */,
				D92024F51A2DF04600280614 /* FollowFriendViewController.m */,
			);
			name = Friends;
			sourceTree = "<group>";
		};
		D9A69D8C1A237C7F00540EF1 /* icons */ = {
			isa = PBXGroup;
			children = (
				D9A69D8D1A237C8700540EF1 /* OuiOui-icon-29pt-2.png */,
				D9A69D931A237CFD00540EF1 /* OuiOui-icon-40pt-3.png */,
				D9A69D951A237D7E00540EF1 /* OuiOui-icon-60pt-3.png */,
				D9A69D971A237D8200540EF1 /* OuiOui-icon-60pt-2.png */,
				D9A69D911A237CBA00540EF1 /* OuiOui-icon-29pt-3.png */,
				D9A69D8E1A237C8700540EF1 /* OuiOui-icon-40pt-2.png */,
			);
			name = icons;
			sourceTree = "<group>";
		};
		D9F1B2AC1A1E1C650042770E /* images */ = {
			isa = PBXGroup;
			children = (
				D9A69D8C1A237C7F00540EF1 /* icons */,
				D9A69D871A2336E300540EF1 /* Fb-icon.png */,
				D9AAD8751A24C773007E794E /* header.png */,
				D92025021A2E34DE00280614 /* defaultProfileGrey.png */,
				D9AAD8801A24E3EB007E794E /* background-new-Oui-item.png */,
				D958F53A1A2EF526002572AA /* settings-icon.png */,
				D958F5361A2EF3FD002572AA /* arrow-back.png */,
				D9F1B2B11A1E28960042770E /* logo-OuiOui.png */,
				D9AAD8651A24B1D3007E794E /* OuiOui.png */,
				D9F1B2AF1A1E1EB80042770E /* background.png */,
			);
			name = images;
			sourceTree = "<group>";
		};
/* End PBXGroup section */

/* Begin PBXNativeTarget section */
		0491CA3D1A1B5798006C4A27 /* OuiOui */ = {
			isa = PBXNativeTarget;
			buildConfigurationList = 0491CA641A1B5798006C4A27 /* Build configuration list for PBXNativeTarget "OuiOui" */;
			buildPhases = (
				0491CA3A1A1B5798006C4A27 /* Sources */,
				0491CA3B1A1B5798006C4A27 /* Frameworks */,
				0491CA3C1A1B5798006C4A27 /* Resources */,
			);
			buildRules = (
			);
			dependencies = (
				0459AE961A2DF4F6007C8E61 /* PBXTargetDependency */,
			);
			name = OuiOui;
			productName = OuiOui;
			productReference = 0491CA3E1A1B5798006C4A27 /* OuiOui.app */;
			productType = "com.apple.product-type.application";
		};
		0491CA591A1B5798006C4A27 /* OuiOuiTests */ = {
			isa = PBXNativeTarget;
			buildConfigurationList = 0491CA671A1B5798006C4A27 /* Build configuration list for PBXNativeTarget "OuiOuiTests" */;
			buildPhases = (
				0491CA561A1B5798006C4A27 /* Sources */,
				0491CA571A1B5798006C4A27 /* Frameworks */,
				0491CA581A1B5798006C4A27 /* Resources */,
			);
			buildRules = (
			);
			dependencies = (
				0491CA5C1A1B5798006C4A27 /* PBXTargetDependency */,
			);
			name = OuiOuiTests;
			productName = OuiOuiTests;
			productReference = 0491CA5A1A1B5798006C4A27 /* OuiOuiTests.xctest */;
			productType = "com.apple.product-type.bundle.unit-test";
		};
/* End PBXNativeTarget section */

/* Begin PBXProject section */
		0491CA361A1B5798006C4A27 /* Project object */ = {
			isa = PBXProject;
			attributes = {
				LastUpgradeCheck = 0610;
				ORGANIZATIONNAME = Vontura;
				TargetAttributes = {
					0491CA3D1A1B5798006C4A27 = {
						CreatedOnToolsVersion = 6.1;
						DevelopmentTeam = 5Y5NPSWUP9;
						SystemCapabilities = {
							com.apple.InAppPurchase = {
								enabled = 0;
							};
						};
					};
					0491CA591A1B5798006C4A27 = {
						CreatedOnToolsVersion = 6.1;
						DevelopmentTeam = 5Y5NPSWUP9;
						TestTargetID = 0491CA3D1A1B5798006C4A27;
					};
				};
			};
			buildConfigurationList = 0491CA391A1B5798006C4A27 /* Build configuration list for PBXProject "OuiOui" */;
			compatibilityVersion = "Xcode 3.2";
			developmentRegion = English;
			hasScannedForEncodings = 0;
			knownRegions = (
				en,
				Base,
			);
			mainGroup = 0491CA351A1B5798006C4A27;
			productRefGroup = 0491CA3F1A1B5798006C4A27 /* Products */;
			projectDirPath = "";
			projectReferences = (
				{
					ProductGroup = 0459AE8C1A2DF4D8007C8E61 /* Products */;
					ProjectRef = 0459AE8B1A2DF4D8007C8E61 /* GPUImage.xcodeproj */;
				},
			);
			projectRoot = "";
			targets = (
				0491CA3D1A1B5798006C4A27 /* OuiOui */,
				0491CA591A1B5798006C4A27 /* OuiOuiTests */,
			);
		};
/* End PBXProject section */

/* Begin PBXReferenceProxy section */
		0459AE921A2DF4D8007C8E61 /* libGPUImage.a */ = {
			isa = PBXReferenceProxy;
			fileType = archive.ar;
			path = libGPUImage.a;
			remoteRef = 0459AE911A2DF4D8007C8E61 /* PBXContainerItemProxy */;
			sourceTree = BUILT_PRODUCTS_DIR;
		};
		0459AE941A2DF4D8007C8E61 /* GPUImage.framework */ = {
			isa = PBXReferenceProxy;
			fileType = wrapper.framework;
			path = GPUImage.framework;
			remoteRef = 0459AE931A2DF4D8007C8E61 /* PBXContainerItemProxy */;
			sourceTree = BUILT_PRODUCTS_DIR;
		};
/* End PBXReferenceProxy section */

/* Begin PBXResourcesBuildPhase section */
		0491CA3C1A1B5798006C4A27 /* Resources */ = {
			isa = PBXResourcesBuildPhase;
			buildActionMask = 2147483647;
			files = (
				D9A69D941A237CFD00540EF1 /* OuiOui-icon-40pt-3.png in Resources */,
				D9F1B2B01A1E1EB80042770E /* background.png in Resources */,
				0491CA501A1B5798006C4A27 /* Main.storyboard in Resources */,
				D958F53B1A2EF526002572AA /* settings-icon.png in Resources */,
				D9AAD8761A24C773007E794E /* header.png in Resources */,
				D9A69D921A237CBA00540EF1 /* OuiOui-icon-29pt-3.png in Resources */,
				D9F1B2B21A1E28960042770E /* logo-OuiOui.png in Resources */,
				0491CA551A1B5798006C4A27 /* LaunchScreen.xib in Resources */,
				D9A69D881A2336E300540EF1 /* Fb-icon.png in Resources */,
				D958F5371A2EF3FD002572AA /* arrow-back.png in Resources */,
				D9A69D901A237C8700540EF1 /* OuiOui-icon-40pt-2.png in Resources */,
				0491CA521A1B5798006C4A27 /* Images.xcassets in Resources */,
				04FEC9081A249D4B004E564D /* Tab.storyboard in Resources */,
				D9AAD8811A24E3EB007E794E /* background-new-Oui-item.png in Resources */,
				D9A69D8F1A237C8700540EF1 /* OuiOui-icon-29pt-2.png in Resources */,
				D9AAD8661A24B1D3007E794E /* OuiOui.png in Resources */,
				D92025031A2E34DE00280614 /* defaultProfileGrey.png in Resources */,
				D9A69D961A237D7E00540EF1 /* OuiOui-icon-60pt-3.png in Resources */,
				D9A69D981A237D8200540EF1 /* OuiOui-icon-60pt-2.png in Resources */,
			);
			runOnlyForDeploymentPostprocessing = 0;
		};
		0491CA581A1B5798006C4A27 /* Resources */ = {
			isa = PBXResourcesBuildPhase;
			buildActionMask = 2147483647;
			files = (
			);
			runOnlyForDeploymentPostprocessing = 0;
		};
/* End PBXResourcesBuildPhase section */

/* Begin PBXSourcesBuildPhase section */
		0491CA3A1A1B5798006C4A27 /* Sources */ = {
			isa = PBXSourcesBuildPhase;
			buildActionMask = 2147483647;
			files = (
				D9EF99691A1E749B00BB3F19 /* RegisterViewController.m in Sources */,
				0491CA471A1B5798006C4A27 /* AppDelegate.m in Sources */,
				04FEC93D1A25CA56004E564D /* ProfileViewController.m in Sources */,
				049F6DDC1A2F1158009768D9 /* ProfileSettingViewController.m in Sources */,
				D9F1B2B81A1E2AD80042770E /* StartViewController.m in Sources */,
				D9AAD87F1A24CE39007E794E /* OuiItemViewController.m in Sources */,
				D9EF996C1A1E74A900BB3F19 /* LoginViewController.m in Sources */,
				0491CA441A1B5798006C4A27 /* main.m in Sources */,
				D9A81F0F1A2C8A920005DEDE /* AddFriendViewController.m in Sources */,
				D9AAD8701A24BDF2007E794E /* TimelineViewController.m in Sources */,
				D92024FF1A2DFC3A00280614 /* SearchViewController.m in Sources */,
				D92024F61A2DF04600280614 /* FollowFriendViewController.m in Sources */,
			);
			runOnlyForDeploymentPostprocessing = 0;
		};
		0491CA561A1B5798006C4A27 /* Sources */ = {
			isa = PBXSourcesBuildPhase;
			buildActionMask = 2147483647;
			files = (
				0491CA611A1B5798006C4A27 /* OuiOuiTests.m in Sources */,
			);
			runOnlyForDeploymentPostprocessing = 0;
		};
/* End PBXSourcesBuildPhase section */

/* Begin PBXTargetDependency section */
		0459AE961A2DF4F6007C8E61 /* PBXTargetDependency */ = {
			isa = PBXTargetDependency;
			name = GPUImage;
			targetProxy = 0459AE951A2DF4F6007C8E61 /* PBXContainerItemProxy */;
		};
		0491CA5C1A1B5798006C4A27 /* PBXTargetDependency */ = {
			isa = PBXTargetDependency;
			target = 0491CA3D1A1B5798006C4A27 /* OuiOui */;
			targetProxy = 0491CA5B1A1B5798006C4A27 /* PBXContainerItemProxy */;
		};
/* End PBXTargetDependency section */

/* Begin PBXVariantGroup section */
		0491CA4E1A1B5798006C4A27 /* Main.storyboard */ = {
			isa = PBXVariantGroup;
			children = (
				0491CA4F1A1B5798006C4A27 /* Base */,
			);
			name = Main.storyboard;
			sourceTree = "<group>";
		};
		0491CA531A1B5798006C4A27 /* LaunchScreen.xib */ = {
			isa = PBXVariantGroup;
			children = (
				0491CA541A1B5798006C4A27 /* Base */,
			);
			name = LaunchScreen.xib;
			sourceTree = "<group>";
		};
/* End PBXVariantGroup section */

/* Begin XCBuildConfiguration section */
		0491CA621A1B5798006C4A27 /* Debug */ = {
			isa = XCBuildConfiguration;
			buildSettings = {
				ALWAYS_SEARCH_USER_PATHS = NO;
				CLANG_CXX_LANGUAGE_STANDARD = "gnu++0x";
				CLANG_CXX_LIBRARY = "libc++";
				CLANG_ENABLE_MODULES = YES;
				CLANG_ENABLE_OBJC_ARC = YES;
				CLANG_WARN_BOOL_CONVERSION = YES;
				CLANG_WARN_CONSTANT_CONVERSION = YES;
				CLANG_WARN_DIRECT_OBJC_ISA_USAGE = YES_ERROR;
				CLANG_WARN_EMPTY_BODY = YES;
				CLANG_WARN_ENUM_CONVERSION = YES;
				CLANG_WARN_INT_CONVERSION = YES;
				CLANG_WARN_OBJC_ROOT_CLASS = YES_ERROR;
				CLANG_WARN_UNREACHABLE_CODE = YES;
				CLANG_WARN__DUPLICATE_METHOD_MATCH = YES;
				"CODE_SIGN_IDENTITY[sdk=iphoneos*]" = "iPhone Developer";
				COPY_PHASE_STRIP = NO;
				ENABLE_STRICT_OBJC_MSGSEND = YES;
				GCC_C_LANGUAGE_STANDARD = gnu99;
				GCC_DYNAMIC_NO_PIC = NO;
				GCC_OPTIMIZATION_LEVEL = 0;
				GCC_PREPROCESSOR_DEFINITIONS = (
					"DEBUG=1",
					"$(inherited)",
				);
				GCC_SYMBOLS_PRIVATE_EXTERN = NO;
				GCC_WARN_64_TO_32_BIT_CONVERSION = YES;
				GCC_WARN_ABOUT_RETURN_TYPE = YES_ERROR;
				GCC_WARN_UNDECLARED_SELECTOR = YES;
				GCC_WARN_UNINITIALIZED_AUTOS = YES_AGGRESSIVE;
				GCC_WARN_UNUSED_FUNCTION = YES;
				GCC_WARN_UNUSED_VARIABLE = YES;
				IPHONEOS_DEPLOYMENT_TARGET = 8.1;
				MTL_ENABLE_DEBUG_INFO = YES;
				ONLY_ACTIVE_ARCH = YES;
				SDKROOT = iphoneos;
			};
			name = Debug;
		};
		0491CA631A1B5798006C4A27 /* Release */ = {
			isa = XCBuildConfiguration;
			buildSettings = {
				ALWAYS_SEARCH_USER_PATHS = NO;
				CLANG_CXX_LANGUAGE_STANDARD = "gnu++0x";
				CLANG_CXX_LIBRARY = "libc++";
				CLANG_ENABLE_MODULES = YES;
				CLANG_ENABLE_OBJC_ARC = YES;
				CLANG_WARN_BOOL_CONVERSION = YES;
				CLANG_WARN_CONSTANT_CONVERSION = YES;
				CLANG_WARN_DIRECT_OBJC_ISA_USAGE = YES_ERROR;
				CLANG_WARN_EMPTY_BODY = YES;
				CLANG_WARN_ENUM_CONVERSION = YES;
				CLANG_WARN_INT_CONVERSION = YES;
				CLANG_WARN_OBJC_ROOT_CLASS = YES_ERROR;
				CLANG_WARN_UNREACHABLE_CODE = YES;
				CLANG_WARN__DUPLICATE_METHOD_MATCH = YES;
				"CODE_SIGN_IDENTITY[sdk=iphoneos*]" = "iPhone Developer";
				COPY_PHASE_STRIP = YES;
				ENABLE_NS_ASSERTIONS = NO;
				ENABLE_STRICT_OBJC_MSGSEND = YES;
				GCC_C_LANGUAGE_STANDARD = gnu99;
				GCC_WARN_64_TO_32_BIT_CONVERSION = YES;
				GCC_WARN_ABOUT_RETURN_TYPE = YES_ERROR;
				GCC_WARN_UNDECLARED_SELECTOR = YES;
				GCC_WARN_UNINITIALIZED_AUTOS = YES_AGGRESSIVE;
				GCC_WARN_UNUSED_FUNCTION = YES;
				GCC_WARN_UNUSED_VARIABLE = YES;
				IPHONEOS_DEPLOYMENT_TARGET = 8.1;
				MTL_ENABLE_DEBUG_INFO = NO;
				SDKROOT = iphoneos;
				VALIDATE_PRODUCT = YES;
			};
			name = Release;
		};
		0491CA651A1B5798006C4A27 /* Debug */ = {
			isa = XCBuildConfiguration;
			buildSettings = {
				ASSETCATALOG_COMPILER_APPICON_NAME = AppIcon;
				CODE_SIGN_IDENTITY = "iPhone Developer";
				"CODE_SIGN_IDENTITY[sdk=iphoneos*]" = "iPhone Developer";
				FRAMEWORK_SEARCH_PATHS = (
					"$(inherited)",
					"$(PROJECT_DIR)",
					"Submodules/GPUImage/framework/**",
					/Users/PaulHeijmans/Documents/FacebookSDK,
					/Users/TimHuijser/Documents/FacebookSDK,
				);
				HEADER_SEARCH_PATHS = (
					"$(inherited)",
					/Applications/Xcode.app/Contents/Developer/Toolchains/XcodeDefault.xctoolchain/usr/include,
					"Submodules/GPUImage/framework/**",
				);
				INFOPLIST_FILE = OuiOui/Info.plist;
				LD_RUNPATH_SEARCH_PATHS = "$(inherited) @executable_path/Frameworks";
				PRODUCT_NAME = "$(TARGET_NAME)";
				PROVISIONING_PROFILE = "";
				TARGETED_DEVICE_FAMILY = 1;
			};
			name = Debug;
		};
		0491CA661A1B5798006C4A27 /* Release */ = {
			isa = XCBuildConfiguration;
			buildSettings = {
				ASSETCATALOG_COMPILER_APPICON_NAME = AppIcon;
				CODE_SIGN_IDENTITY = "iPhone Developer";
				"CODE_SIGN_IDENTITY[sdk=iphoneos*]" = "iPhone Developer";
				FRAMEWORK_SEARCH_PATHS = (
					"$(inherited)",
					"$(PROJECT_DIR)",
					"Submodules/GPUImage/framework/**",
					/Users/PaulHeijmans/Documents/FacebookSDK,
					/Users/TimHuijser/Documents/FacebookSDK,
				);
				HEADER_SEARCH_PATHS = (
					"$(inherited)",
					/Applications/Xcode.app/Contents/Developer/Toolchains/XcodeDefault.xctoolchain/usr/include,
					"Submodules/GPUImage/framework/**",
				);
				INFOPLIST_FILE = OuiOui/Info.plist;
				LD_RUNPATH_SEARCH_PATHS = "$(inherited) @executable_path/Frameworks";
				PRODUCT_NAME = "$(TARGET_NAME)";
				PROVISIONING_PROFILE = "";
				TARGETED_DEVICE_FAMILY = 1;
			};
			name = Release;
		};
		0491CA681A1B5798006C4A27 /* Debug */ = {
			isa = XCBuildConfiguration;
			buildSettings = {
				BUNDLE_LOADER = "$(TEST_HOST)";
				CODE_SIGN_IDENTITY = "iPhone Developer";
				"CODE_SIGN_IDENTITY[sdk=iphoneos*]" = "iPhone Developer";
				FRAMEWORK_SEARCH_PATHS = (
					"$(SDKROOT)/Developer/Library/Frameworks",
					"$(inherited)",
				);
				GCC_PREPROCESSOR_DEFINITIONS = (
					"DEBUG=1",
					"$(inherited)",
				);
				INFOPLIST_FILE = OuiOuiTests/Info.plist;
				LD_RUNPATH_SEARCH_PATHS = "$(inherited) @executable_path/Frameworks @loader_path/Frameworks";
				PRODUCT_NAME = "$(TARGET_NAME)";
				PROVISIONING_PROFILE = "";
				TEST_HOST = "$(BUILT_PRODUCTS_DIR)/OuiOui.app/OuiOui";
			};
			name = Debug;
		};
		0491CA691A1B5798006C4A27 /* Release */ = {
			isa = XCBuildConfiguration;
			buildSettings = {
				BUNDLE_LOADER = "$(TEST_HOST)";
				CODE_SIGN_IDENTITY = "iPhone Developer";
				"CODE_SIGN_IDENTITY[sdk=iphoneos*]" = "iPhone Developer";
				FRAMEWORK_SEARCH_PATHS = (
					"$(SDKROOT)/Developer/Library/Frameworks",
					"$(inherited)",
				);
				INFOPLIST_FILE = OuiOuiTests/Info.plist;
				LD_RUNPATH_SEARCH_PATHS = "$(inherited) @executable_path/Frameworks @loader_path/Frameworks";
				PRODUCT_NAME = "$(TARGET_NAME)";
				PROVISIONING_PROFILE = "";
				TEST_HOST = "$(BUILT_PRODUCTS_DIR)/OuiOui.app/OuiOui";
			};
			name = Release;
		};
/* End XCBuildConfiguration section */

/* Begin XCConfigurationList section */
		0491CA391A1B5798006C4A27 /* Build configuration list for PBXProject "OuiOui" */ = {
			isa = XCConfigurationList;
			buildConfigurations = (
				0491CA621A1B5798006C4A27 /* Debug */,
				0491CA631A1B5798006C4A27 /* Release */,
			);
			defaultConfigurationIsVisible = 0;
			defaultConfigurationName = Release;
		};
		0491CA641A1B5798006C4A27 /* Build configuration list for PBXNativeTarget "OuiOui" */ = {
			isa = XCConfigurationList;
			buildConfigurations = (
				0491CA651A1B5798006C4A27 /* Debug */,
				0491CA661A1B5798006C4A27 /* Release */,
			);
			defaultConfigurationIsVisible = 0;
			defaultConfigurationName = Release;
		};
		0491CA671A1B5798006C4A27 /* Build configuration list for PBXNativeTarget "OuiOuiTests" */ = {
			isa = XCConfigurationList;
			buildConfigurations = (
				0491CA681A1B5798006C4A27 /* Debug */,
				0491CA691A1B5798006C4A27 /* Release */,
			);
			defaultConfigurationIsVisible = 0;
			defaultConfigurationName = Release;
		};
/* End XCConfigurationList section */
	};
	rootObject = 0491CA361A1B5798006C4A27 /* Project object */;
}
